// !$*UTF8*$!
{
	archiveVersion = 1;
	classes = {
	};
	objectVersion = 56;
	objects = {

/* Begin PBXBuildFile section */
		A127DDE42C1E714E00B1A59B /* yaoguai_v2App.swift in Sources */ = {isa = PBXBuildFile; fileRef = A127DDE32C1E714E00B1A59B /* yaoguai_v2App.swift */; };
		A127DDE62C1E714E00B1A59B /* ContentView.swift in Sources */ = {isa = PBXBuildFile; fileRef = A127DDE52C1E714E00B1A59B /* ContentView.swift */; };
		A127DDE82C1E714E00B1A59B /* Item.swift in Sources */ = {isa = PBXBuildFile; fileRef = A127DDE72C1E714E00B1A59B /* Item.swift */; };
		A127DDEA2C1E715000B1A59B /* Assets.xcassets in Resources */ = {isa = PBXBuildFile; fileRef = A127DDE92C1E715000B1A59B /* Assets.xcassets */; };
		A127DDED2C1E715000B1A59B /* Preview Assets.xcassets in Resources */ = {isa = PBXBuildFile; fileRef = A127DDEC2C1E715000B1A59B /* Preview Assets.xcassets */; };
		A127DDF42C1E718600B1A59B /* Record.swift in Sources */ = {isa = PBXBuildFile; fileRef = A127DDF32C1E718600B1A59B /* Record.swift */; };
		A127DDF72C1E721100B1A59B /* Template.swift in Sources */ = {isa = PBXBuildFile; fileRef = A127DDF62C1E721100B1A59B /* Template.swift */; };
		A127DDF92C1E739900B1A59B /* Exercise.swift in Sources */ = {isa = PBXBuildFile; fileRef = A127DDF82C1E739900B1A59B /* Exercise.swift */; };
		A127DDFB2C1E795700B1A59B /* Preview.swift in Sources */ = {isa = PBXBuildFile; fileRef = A127DDFA2C1E795700B1A59B /* Preview.swift */; };
		A127DDFF2C1E7B7A00B1A59B /* WorkoutTemplateEditor.swift in Sources */ = {isa = PBXBuildFile; fileRef = A127DDFE2C1E7B7A00B1A59B /* WorkoutTemplateEditor.swift */; };
		A127DE012C1E7CA800B1A59B /* ExerciseSelector.swift in Sources */ = {isa = PBXBuildFile; fileRef = A127DE002C1E7CA800B1A59B /* ExerciseSelector.swift */; };
		A127DE032C1E8A9F00B1A59B /* ExerciseTemplateView.swift in Sources */ = {isa = PBXBuildFile; fileRef = A127DE022C1E8A9F00B1A59B /* ExerciseTemplateView.swift */; };
		A127DE052C1E8C8000B1A59B /* SetTemplateView.swift in Sources */ = {isa = PBXBuildFile; fileRef = A127DE042C1E8C8000B1A59B /* SetTemplateView.swift */; };
		A127DE092C1EB86F00B1A59B /* WorkoutView.swift in Sources */ = {isa = PBXBuildFile; fileRef = A127DE082C1EB86F00B1A59B /* WorkoutView.swift */; };
		A127DE0B2C1EBD6600B1A59B /* ExerciseRecordView.swift in Sources */ = {isa = PBXBuildFile; fileRef = A127DE0A2C1EBD6600B1A59B /* ExerciseRecordView.swift */; };
		A127DE0D2C1ED91000B1A59B /* ExerciseRecordHeaderRow.swift in Sources */ = {isa = PBXBuildFile; fileRef = A127DE0C2C1ED91000B1A59B /* ExerciseRecordHeaderRow.swift */; };
		A127DE0F2C1ED9B100B1A59B /* SetRecordRow.swift in Sources */ = {isa = PBXBuildFile; fileRef = A127DE0E2C1ED9B100B1A59B /* SetRecordRow.swift */; };
		A14C76252C1F949600F89F2D /* WorkoutManager.swift in Sources */ = {isa = PBXBuildFile; fileRef = A14C76242C1F949600F89F2D /* WorkoutManager.swift */; };
		A14D2C612C22378A0034278F /* WorkoutDashboard.swift in Sources */ = {isa = PBXBuildFile; fileRef = A14D2C602C22378A0034278F /* WorkoutDashboard.swift */; };
		A14D2C632C2237E10034278F /* ExerciseList.swift in Sources */ = {isa = PBXBuildFile; fileRef = A14D2C622C2237E10034278F /* ExerciseList.swift */; };
/* End PBXBuildFile section */

/* Begin PBXFileReference section */
		A127DDE02C1E714E00B1A59B /* yaoguai-v2.app */ = {isa = PBXFileReference; explicitFileType = wrapper.application; includeInIndex = 0; path = "yaoguai-v2.app"; sourceTree = BUILT_PRODUCTS_DIR; };
		A127DDE32C1E714E00B1A59B /* yaoguai_v2App.swift */ = {isa = PBXFileReference; lastKnownFileType = sourcecode.swift; path = yaoguai_v2App.swift; sourceTree = "<group>"; };
		A127DDE52C1E714E00B1A59B /* ContentView.swift */ = {isa = PBXFileReference; lastKnownFileType = sourcecode.swift; path = ContentView.swift; sourceTree = "<group>"; };
		A127DDE72C1E714E00B1A59B /* Item.swift */ = {isa = PBXFileReference; lastKnownFileType = sourcecode.swift; path = Item.swift; sourceTree = "<group>"; };
		A127DDE92C1E715000B1A59B /* Assets.xcassets */ = {isa = PBXFileReference; lastKnownFileType = folder.assetcatalog; path = Assets.xcassets; sourceTree = "<group>"; };
		A127DDEC2C1E715000B1A59B /* Preview Assets.xcassets */ = {isa = PBXFileReference; lastKnownFileType = folder.assetcatalog; path = "Preview Assets.xcassets"; sourceTree = "<group>"; };
		A127DDF32C1E718600B1A59B /* Record.swift */ = {isa = PBXFileReference; lastKnownFileType = sourcecode.swift; path = Record.swift; sourceTree = "<group>"; };
		A127DDF62C1E721100B1A59B /* Template.swift */ = {isa = PBXFileReference; lastKnownFileType = sourcecode.swift; path = Template.swift; sourceTree = "<group>"; };
		A127DDF82C1E739900B1A59B /* Exercise.swift */ = {isa = PBXFileReference; lastKnownFileType = sourcecode.swift; path = Exercise.swift; sourceTree = "<group>"; };
		A127DDFA2C1E795700B1A59B /* Preview.swift */ = {isa = PBXFileReference; lastKnownFileType = sourcecode.swift; path = Preview.swift; sourceTree = "<group>"; };
		A127DDFE2C1E7B7A00B1A59B /* WorkoutTemplateEditor.swift */ = {isa = PBXFileReference; lastKnownFileType = sourcecode.swift; path = WorkoutTemplateEditor.swift; sourceTree = "<group>"; };
		A127DE002C1E7CA800B1A59B /* ExerciseSelector.swift */ = {isa = PBXFileReference; lastKnownFileType = sourcecode.swift; path = ExerciseSelector.swift; sourceTree = "<group>"; };
		A127DE022C1E8A9F00B1A59B /* ExerciseTemplateView.swift */ = {isa = PBXFileReference; lastKnownFileType = sourcecode.swift; path = ExerciseTemplateView.swift; sourceTree = "<group>"; };
		A127DE042C1E8C8000B1A59B /* SetTemplateView.swift */ = {isa = PBXFileReference; lastKnownFileType = sourcecode.swift; path = SetTemplateView.swift; sourceTree = "<group>"; };
		A127DE082C1EB86F00B1A59B /* WorkoutView.swift */ = {isa = PBXFileReference; lastKnownFileType = sourcecode.swift; path = WorkoutView.swift; sourceTree = "<group>"; };
		A127DE0A2C1EBD6600B1A59B /* ExerciseRecordView.swift */ = {isa = PBXFileReference; lastKnownFileType = sourcecode.swift; path = ExerciseRecordView.swift; sourceTree = "<group>"; };
		A127DE0C2C1ED91000B1A59B /* ExerciseRecordHeaderRow.swift */ = {isa = PBXFileReference; lastKnownFileType = sourcecode.swift; path = ExerciseRecordHeaderRow.swift; sourceTree = "<group>"; };
		A127DE0E2C1ED9B100B1A59B /* SetRecordRow.swift */ = {isa = PBXFileReference; lastKnownFileType = sourcecode.swift; path = SetRecordRow.swift; sourceTree = "<group>"; };
		A14C76242C1F949600F89F2D /* WorkoutManager.swift */ = {isa = PBXFileReference; lastKnownFileType = sourcecode.swift; path = WorkoutManager.swift; sourceTree = "<group>"; };
		A14D2C602C22378A0034278F /* WorkoutDashboard.swift */ = {isa = PBXFileReference; lastKnownFileType = sourcecode.swift; path = WorkoutDashboard.swift; sourceTree = "<group>"; };
		A14D2C622C2237E10034278F /* ExerciseList.swift */ = {isa = PBXFileReference; lastKnownFileType = sourcecode.swift; path = ExerciseList.swift; sourceTree = "<group>"; };
/* End PBXFileReference section */

/* Begin PBXFrameworksBuildPhase section */
		A127DDDD2C1E714E00B1A59B /* Frameworks */ = {
			isa = PBXFrameworksBuildPhase;
			buildActionMask = 2147483647;
			files = (
			);
			runOnlyForDeploymentPostprocessing = 0;
		};
/* End PBXFrameworksBuildPhase section */

/* Begin PBXGroup section */
		A127DDD72C1E714E00B1A59B = {
			isa = PBXGroup;
			children = (
				A127DDE22C1E714E00B1A59B /* yaoguai-v2 */,
				A127DDE12C1E714E00B1A59B /* Products */,
			);
			sourceTree = "<group>";
		};
		A127DDE12C1E714E00B1A59B /* Products */ = {
			isa = PBXGroup;
			children = (
				A127DDE02C1E714E00B1A59B /* yaoguai-v2.app */,
			);
			name = Products;
			sourceTree = "<group>";
		};
		A127DDE22C1E714E00B1A59B /* yaoguai-v2 */ = {
			isa = PBXGroup;
			children = (
				A127DDFD2C1E7A1100B1A59B /* View */,
				A127DDF52C1E718900B1A59B /* Model */,
				A127DDFC2C1E795F00B1A59B /* Utility */,
				A127DDE32C1E714E00B1A59B /* yaoguai_v2App.swift */,
				A127DDE92C1E715000B1A59B /* Assets.xcassets */,
				A127DDEB2C1E715000B1A59B /* Preview Content */,
			);
			path = "yaoguai-v2";
			sourceTree = "<group>";
		};
		A127DDEB2C1E715000B1A59B /* Preview Content */ = {
			isa = PBXGroup;
			children = (
				A127DDEC2C1E715000B1A59B /* Preview Assets.xcassets */,
			);
			path = "Preview Content";
			sourceTree = "<group>";
		};
		A127DDF52C1E718900B1A59B /* Model */ = {
			isa = PBXGroup;
			children = (
				A127DDF32C1E718600B1A59B /* Record.swift */,
				A127DDE72C1E714E00B1A59B /* Item.swift */,
				A14C76242C1F949600F89F2D /* WorkoutManager.swift */,
				A127DDF62C1E721100B1A59B /* Template.swift */,
				A127DDF82C1E739900B1A59B /* Exercise.swift */,
			);
			path = Model;
			sourceTree = "<group>";
		};
		A127DDFC2C1E795F00B1A59B /* Utility */ = {
			isa = PBXGroup;
			children = (
				A127DDFA2C1E795700B1A59B /* Preview.swift */,
			);
			path = Utility;
			sourceTree = "<group>";
		};
		A127DDFD2C1E7A1100B1A59B /* View */ = {
			isa = PBXGroup;
			children = (
				A127DE072C1EB85800B1A59B /* WorkoutView */,
				A127DE062C1EB81300B1A59B /* WorkoutTemplateEditor */,
				A127DDE52C1E714E00B1A59B /* ContentView.swift */,
				A14D2C622C2237E10034278F /* ExerciseList.swift */,
				A14D2C602C22378A0034278F /* WorkoutDashboard.swift */,
				A127DE082C1EB86F00B1A59B /* WorkoutView.swift */,
				A127DE0A2C1EBD6600B1A59B /* ExerciseRecordView.swift */,
				A127DE0E2C1ED9B100B1A59B /* SetRecordRow.swift */,
				A127DE0C2C1ED91000B1A59B /* ExerciseRecordHeaderRow.swift */,
				A127DE002C1E7CA800B1A59B /* ExerciseSelector.swift */,
			);
			path = View;
			sourceTree = "<group>";
		};
		A127DE062C1EB81300B1A59B /* WorkoutTemplateEditor */ = {
			isa = PBXGroup;
			children = (
				A127DDFE2C1E7B7A00B1A59B /* WorkoutTemplateEditor.swift */,
				A127DE022C1E8A9F00B1A59B /* ExerciseTemplateView.swift */,
				A127DE042C1E8C8000B1A59B /* SetTemplateView.swift */,
			);
			path = WorkoutTemplateEditor;
			sourceTree = "<group>";
		};
		A127DE072C1EB85800B1A59B /* WorkoutView */ = {
			isa = PBXGroup;
			children = (
			);
			path = WorkoutView;
			sourceTree = "<group>";
		};
/* End PBXGroup section */

/* Begin PBXNativeTarget section */
		A127DDDF2C1E714E00B1A59B /* yaoguai-v2 */ = {
			isa = PBXNativeTarget;
			buildConfigurationList = A127DDF02C1E715000B1A59B /* Build configuration list for PBXNativeTarget "yaoguai-v2" */;
			buildPhases = (
				A127DDDC2C1E714E00B1A59B /* Sources */,
				A127DDDD2C1E714E00B1A59B /* Frameworks */,
				A127DDDE2C1E714E00B1A59B /* Resources */,
			);
			buildRules = (
			);
			dependencies = (
			);
			name = "yaoguai-v2";
			productName = "yaoguai-v2";
			productReference = A127DDE02C1E714E00B1A59B /* yaoguai-v2.app */;
			productType = "com.apple.product-type.application";
		};
/* End PBXNativeTarget section */

/* Begin PBXProject section */
		A127DDD82C1E714E00B1A59B /* Project object */ = {
			isa = PBXProject;
			attributes = {
				BuildIndependentTargetsInParallel = 1;
				LastSwiftUpdateCheck = 1500;
				LastUpgradeCheck = 1500;
				TargetAttributes = {
					A127DDDF2C1E714E00B1A59B = {
						CreatedOnToolsVersion = 15.0.1;
					};
				};
			};
			buildConfigurationList = A127DDDB2C1E714E00B1A59B /* Build configuration list for PBXProject "yaoguai-v2" */;
			compatibilityVersion = "Xcode 14.0";
			developmentRegion = en;
			hasScannedForEncodings = 0;
			knownRegions = (
				en,
				Base,
			);
			mainGroup = A127DDD72C1E714E00B1A59B;
			productRefGroup = A127DDE12C1E714E00B1A59B /* Products */;
			projectDirPath = "";
			projectRoot = "";
			targets = (
				A127DDDF2C1E714E00B1A59B /* yaoguai-v2 */,
			);
		};
/* End PBXProject section */

/* Begin PBXResourcesBuildPhase section */
		A127DDDE2C1E714E00B1A59B /* Resources */ = {
			isa = PBXResourcesBuildPhase;
			buildActionMask = 2147483647;
			files = (
				A127DDED2C1E715000B1A59B /* Preview Assets.xcassets in Resources */,
				A127DDEA2C1E715000B1A59B /* Assets.xcassets in Resources */,
			);
			runOnlyForDeploymentPostprocessing = 0;
		};
/* End PBXResourcesBuildPhase section */

/* Begin PBXSourcesBuildPhase section */
		A127DDDC2C1E714E00B1A59B /* Sources */ = {
			isa = PBXSourcesBuildPhase;
			buildActionMask = 2147483647;
			files = (
				A127DDF72C1E721100B1A59B /* Template.swift in Sources */,
				A127DE012C1E7CA800B1A59B /* ExerciseSelector.swift in Sources */,
				A127DE0B2C1EBD6600B1A59B /* ExerciseRecordView.swift in Sources */,
				A14D2C612C22378A0034278F /* WorkoutDashboard.swift in Sources */,
				A127DDE62C1E714E00B1A59B /* ContentView.swift in Sources */,
				A14D2C632C2237E10034278F /* ExerciseList.swift in Sources */,
				A127DE032C1E8A9F00B1A59B /* ExerciseTemplateView.swift in Sources */,
				A14C76252C1F949600F89F2D /* WorkoutManager.swift in Sources */,
				A127DE0F2C1ED9B100B1A59B /* SetRecordRow.swift in Sources */,
				A127DDE82C1E714E00B1A59B /* Item.swift in Sources */,
				A127DDF42C1E718600B1A59B /* Record.swift in Sources */,
				A127DDFF2C1E7B7A00B1A59B /* WorkoutTemplateEditor.swift in Sources */,
				A127DE0D2C1ED91000B1A59B /* ExerciseRecordHeaderRow.swift in Sources */,
				A127DDFB2C1E795700B1A59B /* Preview.swift in Sources */,
				A127DE052C1E8C8000B1A59B /* SetTemplateView.swift in Sources */,
				A127DDE42C1E714E00B1A59B /* yaoguai_v2App.swift in Sources */,
				A127DE092C1EB86F00B1A59B /* WorkoutView.swift in Sources */,
				A127DDF92C1E739900B1A59B /* Exercise.swift in Sources */,
			);
			runOnlyForDeploymentPostprocessing = 0;
		};
/* End PBXSourcesBuildPhase section */

/* Begin XCBuildConfiguration section */
		A127DDEE2C1E715000B1A59B /* Debug */ = {
			isa = XCBuildConfiguration;
			buildSettings = {
				ALWAYS_SEARCH_USER_PATHS = NO;
				ASSETCATALOG_COMPILER_GENERATE_SWIFT_ASSET_SYMBOL_EXTENSIONS = YES;
				CLANG_ANALYZER_NONNULL = YES;
				CLANG_ANALYZER_NUMBER_OBJECT_CONVERSION = YES_AGGRESSIVE;
				CLANG_CXX_LANGUAGE_STANDARD = "gnu++20";
				CLANG_ENABLE_MODULES = YES;
				CLANG_ENABLE_OBJC_ARC = YES;
				CLANG_ENABLE_OBJC_WEAK = YES;
				CLANG_WARN_BLOCK_CAPTURE_AUTORELEASING = YES;
				CLANG_WARN_BOOL_CONVERSION = YES;
				CLANG_WARN_COMMA = YES;
				CLANG_WARN_CONSTANT_CONVERSION = YES;
				CLANG_WARN_DEPRECATED_OBJC_IMPLEMENTATIONS = YES;
				CLANG_WARN_DIRECT_OBJC_ISA_USAGE = YES_ERROR;
				CLANG_WARN_DOCUMENTATION_COMMENTS = YES;
				CLANG_WARN_EMPTY_BODY = YES;
				CLANG_WARN_ENUM_CONVERSION = YES;
				CLANG_WARN_INFINITE_RECURSION = YES;
				CLANG_WARN_INT_CONVERSION = YES;
				CLANG_WARN_NON_LITERAL_NULL_CONVERSION = YES;
				CLANG_WARN_OBJC_IMPLICIT_RETAIN_SELF = YES;
				CLANG_WARN_OBJC_LITERAL_CONVERSION = YES;
				CLANG_WARN_OBJC_ROOT_CLASS = YES_ERROR;
				CLANG_WARN_QUOTED_INCLUDE_IN_FRAMEWORK_HEADER = YES;
				CLANG_WARN_RANGE_LOOP_ANALYSIS = YES;
				CLANG_WARN_STRICT_PROTOTYPES = YES;
				CLANG_WARN_SUSPICIOUS_MOVE = YES;
				CLANG_WARN_UNGUARDED_AVAILABILITY = YES_AGGRESSIVE;
				CLANG_WARN_UNREACHABLE_CODE = YES;
				CLANG_WARN__DUPLICATE_METHOD_MATCH = YES;
				COPY_PHASE_STRIP = NO;
				DEBUG_INFORMATION_FORMAT = dwarf;
				ENABLE_STRICT_OBJC_MSGSEND = YES;
				ENABLE_TESTABILITY = YES;
				ENABLE_USER_SCRIPT_SANDBOXING = YES;
				GCC_C_LANGUAGE_STANDARD = gnu17;
				GCC_DYNAMIC_NO_PIC = NO;
				GCC_NO_COMMON_BLOCKS = YES;
				GCC_OPTIMIZATION_LEVEL = 0;
				GCC_PREPROCESSOR_DEFINITIONS = (
					"DEBUG=1",
					"$(inherited)",
				);
				GCC_WARN_64_TO_32_BIT_CONVERSION = YES;
				GCC_WARN_ABOUT_RETURN_TYPE = YES_ERROR;
				GCC_WARN_UNDECLARED_SELECTOR = YES;
				GCC_WARN_UNINITIALIZED_AUTOS = YES_AGGRESSIVE;
				GCC_WARN_UNUSED_FUNCTION = YES;
				GCC_WARN_UNUSED_VARIABLE = YES;
				IPHONEOS_DEPLOYMENT_TARGET = 17.0;
				LOCALIZATION_PREFERS_STRING_CATALOGS = YES;
				MTL_ENABLE_DEBUG_INFO = INCLUDE_SOURCE;
				MTL_FAST_MATH = YES;
				ONLY_ACTIVE_ARCH = YES;
				SDKROOT = iphoneos;
				SWIFT_ACTIVE_COMPILATION_CONDITIONS = "DEBUG $(inherited)";
				SWIFT_OPTIMIZATION_LEVEL = "-Onone";
			};
			name = Debug;
		};
		A127DDEF2C1E715000B1A59B /* Release */ = {
			isa = XCBuildConfiguration;
			buildSettings = {
				ALWAYS_SEARCH_USER_PATHS = NO;
				ASSETCATALOG_COMPILER_GENERATE_SWIFT_ASSET_SYMBOL_EXTENSIONS = YES;
				CLANG_ANALYZER_NONNULL = YES;
				CLANG_ANALYZER_NUMBER_OBJECT_CONVERSION = YES_AGGRESSIVE;
				CLANG_CXX_LANGUAGE_STANDARD = "gnu++20";
				CLANG_ENABLE_MODULES = YES;
				CLANG_ENABLE_OBJC_ARC = YES;
				CLANG_ENABLE_OBJC_WEAK = YES;
				CLANG_WARN_BLOCK_CAPTURE_AUTORELEASING = YES;
				CLANG_WARN_BOOL_CONVERSION = YES;
				CLANG_WARN_COMMA = YES;
				CLANG_WARN_CONSTANT_CONVERSION = YES;
				CLANG_WARN_DEPRECATED_OBJC_IMPLEMENTATIONS = YES;
				CLANG_WARN_DIRECT_OBJC_ISA_USAGE = YES_ERROR;
				CLANG_WARN_DOCUMENTATION_COMMENTS = YES;
				CLANG_WARN_EMPTY_BODY = YES;
				CLANG_WARN_ENUM_CONVERSION = YES;
				CLANG_WARN_INFINITE_RECURSION = YES;
				CLANG_WARN_INT_CONVERSION = YES;
				CLANG_WARN_NON_LITERAL_NULL_CONVERSION = YES;
				CLANG_WARN_OBJC_IMPLICIT_RETAIN_SELF = YES;
				CLANG_WARN_OBJC_LITERAL_CONVERSION = YES;
				CLANG_WARN_OBJC_ROOT_CLASS = YES_ERROR;
				CLANG_WARN_QUOTED_INCLUDE_IN_FRAMEWORK_HEADER = YES;
				CLANG_WARN_RANGE_LOOP_ANALYSIS = YES;
				CLANG_WARN_STRICT_PROTOTYPES = YES;
				CLANG_WARN_SUSPICIOUS_MOVE = YES;
				CLANG_WARN_UNGUARDED_AVAILABILITY = YES_AGGRESSIVE;
				CLANG_WARN_UNREACHABLE_CODE = YES;
				CLANG_WARN__DUPLICATE_METHOD_MATCH = YES;
				COPY_PHASE_STRIP = NO;
				DEBUG_INFORMATION_FORMAT = "dwarf-with-dsym";
				ENABLE_NS_ASSERTIONS = NO;
				ENABLE_STRICT_OBJC_MSGSEND = YES;
				ENABLE_USER_SCRIPT_SANDBOXING = YES;
				GCC_C_LANGUAGE_STANDARD = gnu17;
				GCC_NO_COMMON_BLOCKS = YES;
				GCC_WARN_64_TO_32_BIT_CONVERSION = YES;
				GCC_WARN_ABOUT_RETURN_TYPE = YES_ERROR;
				GCC_WARN_UNDECLARED_SELECTOR = YES;
				GCC_WARN_UNINITIALIZED_AUTOS = YES_AGGRESSIVE;
				GCC_WARN_UNUSED_FUNCTION = YES;
				GCC_WARN_UNUSED_VARIABLE = YES;
				IPHONEOS_DEPLOYMENT_TARGET = 17.0;
				LOCALIZATION_PREFERS_STRING_CATALOGS = YES;
				MTL_ENABLE_DEBUG_INFO = NO;
				MTL_FAST_MATH = YES;
				SDKROOT = iphoneos;
				SWIFT_COMPILATION_MODE = wholemodule;
				VALIDATE_PRODUCT = YES;
			};
			name = Release;
		};
		A127DDF12C1E715000B1A59B /* Debug */ = {
			isa = XCBuildConfiguration;
			buildSettings = {
				ASSETCATALOG_COMPILER_APPICON_NAME = AppIcon;
				ASSETCATALOG_COMPILER_GLOBAL_ACCENT_COLOR_NAME = AccentColor;
				CODE_SIGN_STYLE = Automatic;
				CURRENT_PROJECT_VERSION = 1;
				DEVELOPMENT_ASSET_PATHS = "\"yaoguai-v2/Preview Content\"";
				DEVELOPMENT_TEAM = 9BLARS6DPW;
				ENABLE_PREVIEWS = YES;
				GENERATE_INFOPLIST_FILE = YES;
				INFOPLIST_KEY_UIApplicationSceneManifest_Generation = YES;
				INFOPLIST_KEY_UIApplicationSupportsIndirectInputEvents = YES;
				INFOPLIST_KEY_UILaunchScreen_Generation = YES;
				INFOPLIST_KEY_UISupportedInterfaceOrientations_iPad = "UIInterfaceOrientationPortrait UIInterfaceOrientationPortraitUpsideDown UIInterfaceOrientationLandscapeLeft UIInterfaceOrientationLandscapeRight";
				INFOPLIST_KEY_UISupportedInterfaceOrientations_iPhone = "UIInterfaceOrientationPortrait UIInterfaceOrientationLandscapeLeft UIInterfaceOrientationLandscapeRight";
				LD_RUNPATH_SEARCH_PATHS = (
					"$(inherited)",
					"@executable_path/Frameworks",
				);
				MARKETING_VERSION = 1.0;
				PRODUCT_BUNDLE_IDENTIFIER = "co.charliezhao.yaoguai-v2";
				PRODUCT_NAME = "$(TARGET_NAME)";
				SWIFT_EMIT_LOC_STRINGS = YES;
				SWIFT_VERSION = 5.0;
				TARGETED_DEVICE_FAMILY = "1,2";
			};
			name = Debug;
		};
		A127DDF22C1E715000B1A59B /* Release */ = {
			isa = XCBuildConfiguration;
			buildSettings = {
				ASSETCATALOG_COMPILER_APPICON_NAME = AppIcon;
				ASSETCATALOG_COMPILER_GLOBAL_ACCENT_COLOR_NAME = AccentColor;
				CODE_SIGN_STYLE = Automatic;
				CURRENT_PROJECT_VERSION = 1;
				DEVELOPMENT_ASSET_PATHS = "\"yaoguai-v2/Preview Content\"";
				DEVELOPMENT_TEAM = 9BLARS6DPW;
				ENABLE_PREVIEWS = YES;
				GENERATE_INFOPLIST_FILE = YES;
				INFOPLIST_KEY_UIApplicationSceneManifest_Generation = YES;
				INFOPLIST_KEY_UIApplicationSupportsIndirectInputEvents = YES;
				INFOPLIST_KEY_UILaunchScreen_Generation = YES;
				INFOPLIST_KEY_UISupportedInterfaceOrientations_iPad = "UIInterfaceOrientationPortrait UIInterfaceOrientationPortraitUpsideDown UIInterfaceOrientationLandscapeLeft UIInterfaceOrientationLandscapeRight";
				INFOPLIST_KEY_UISupportedInterfaceOrientations_iPhone = "UIInterfaceOrientationPortrait UIInterfaceOrientationLandscapeLeft UIInterfaceOrientationLandscapeRight";
				LD_RUNPATH_SEARCH_PATHS = (
					"$(inherited)",
					"@executable_path/Frameworks",
				);
				MARKETING_VERSION = 1.0;
				PRODUCT_BUNDLE_IDENTIFIER = "co.charliezhao.yaoguai-v2";
				PRODUCT_NAME = "$(TARGET_NAME)";
				SWIFT_EMIT_LOC_STRINGS = YES;
				SWIFT_VERSION = 5.0;
				TARGETED_DEVICE_FAMILY = "1,2";
			};
			name = Release;
		};
/* End XCBuildConfiguration section */

/* Begin XCConfigurationList section */
		A127DDDB2C1E714E00B1A59B /* Build configuration list for PBXProject "yaoguai-v2" */ = {
			isa = XCConfigurationList;
			buildConfigurations = (
				A127DDEE2C1E715000B1A59B /* Debug */,
				A127DDEF2C1E715000B1A59B /* Release */,
			);
			defaultConfigurationIsVisible = 0;
			defaultConfigurationName = Release;
		};
		A127DDF02C1E715000B1A59B /* Build configuration list for PBXNativeTarget "yaoguai-v2" */ = {
			isa = XCConfigurationList;
			buildConfigurations = (
				A127DDF12C1E715000B1A59B /* Debug */,
				A127DDF22C1E715000B1A59B /* Release */,
			);
			defaultConfigurationIsVisible = 0;
			defaultConfigurationName = Release;
		};
/* End XCConfigurationList section */
	};
	rootObject = A127DDD82C1E714E00B1A59B /* Project object */;
}
